
Microsoft Visual Studio Solution File, Format Version 12.00
# Visual Studio Version 17
VisualStudioVersion = 17.3.32929.385
MinimumVisualStudioVersion = 10.0.40219.1
Project("{FAE04EC0-301F-11D3-BF4B-00C04F79EFBC}") = "Reflectionproject", "Reflectionproject\Reflectionproject.csproj", "{2D2CA26F-AE10-452A-9578-C1225404E494}"
EndProject
Global
	GlobalSection(SolutionConfigurationPlatforms) = preSolution
		Debug|Any CPU = Debug|Any CPU
		Release|Any CPU = Release|Any CPU
	EndGlobalSection
	GlobalSection(ProjectConfigurationPlatforms) = postSolution
		{2D2CA26F-AE10-452A-9578-C1225404E494}.Debug|Any CPU.ActiveCfg = Debug|Any CPU
		{2D2CA26F-AE10-452A-9578-C1225404E494}.Debug|Any CPU.Build.0 = Debug|Any CPU
		{2D2CA26F-AE10-452A-9578-C1225404E494}.Release|Any CPU.ActiveCfg = Release|Any CPU
		{2D2CA26F-AE10-452A-9578-C1225404E494}.Release|Any CPU.Build.0 = Release|Any CPU
	EndGlobalSection
	GlobalSection(SolutionProperties) = preSolution
		HideSolutionNode = FALSE
	EndGlobalSection
	GlobalSection(ExtensibilityGlobals) = postSolution
		SolutionGuid = {78CA26FF-1C0F-4136-974E-91A725F065B3}
	EndGlobalSection
EndGlobal
